
Microsoft Visual Studio Solution File, Format Version 12.00
# Visual Studio Version 17
VisualStudioVersion = 17.11.35327.3
MinimumVisualStudioVersion = 10.0.40219.1
Project("{FAE04EC0-301F-11D3-BF4B-00C04F79EFBC}") = "DwgFileCopier", "DwgFileCopier\DwgFileCopier.csproj", "{D673450B-68B8-4798-851C-2F0774A3DA92}"
EndProject
Global
	GlobalSection(SolutionConfigurationPlatforms) = preSolution
		Debug|Any CPU = Debug|Any CPU
		Release|Any CPU = Release|Any CPU
	EndGlobalSection
	GlobalSection(ProjectConfigurationPlatforms) = postSolution
		{D673450B-68B8-4798-851C-2F0774A3DA92}.Debug|Any CPU.ActiveCfg = Debug|Any CPU
		{D673450B-68B8-4798-851C-2F0774A3DA92}.Debug|Any CPU.Build.0 = Debug|Any CPU
		{D673450B-68B8-4798-851C-2F0774A3DA92}.Release|Any CPU.ActiveCfg = Release|Any CPU
		{D673450B-68B8-4798-851C-2F0774A3DA92}.Release|Any CPU.Build.0 = Release|Any CPU
	EndGlobalSection
	GlobalSection(SolutionProperties) = preSolution
		HideSolutionNode = FALSE
	EndGlobalSection
	GlobalSection(ExtensibilityGlobals) = postSolution
		SolutionGuid = {7C13DD20-236D-4EF5-9159-7D8ADA4BA72B}
	EndGlobalSection
EndGlobal
